
Microsoft Visual Studio Solution File, Format Version 12.00
# Visual Studio 15
VisualStudioVersion = 15.0.26228.4
MinimumVisualStudioVersion = 10.0.40219.1
Project("{FAE04EC0-301F-11D3-BF4B-00C04F79EFBC}") = "单例模式-web", "单例模式\单例模式-web.csproj", "{1DDDBA63-EF70-4CB6-8466-59C3B11D5475}"
EndProject
Project("{FAE04EC0-301F-11D3-BF4B-00C04F79EFBC}") = "单例模式-控制台", "单例模式-控制台\单例模式-控制台.csproj", "{CFCEA9D9-13A6-4BBF-9F4A-B1D407C2BBC3}"
EndProject
Global
	GlobalSection(SolutionConfigurationPlatforms) = preSolution
		Debug|Any CPU = Debug|Any CPU
		Release|Any CPU = Release|Any CPU
	EndGlobalSection
	GlobalSection(ProjectConfigurationPlatforms) = postSolution
		{1DDDBA63-EF70-4CB6-8466-59C3B11D5475}.Debug|Any CPU.ActiveCfg = Debug|Any CPU
		{1DDDBA63-EF70-4CB6-8466-59C3B11D5475}.Debug|Any CPU.Build.0 = Debug|Any CPU
		{1DDDBA63-EF70-4CB6-8466-59C3B11D5475}.Release|Any CPU.ActiveCfg = Release|Any CPU
		{1DDDBA63-EF70-4CB6-8466-59C3B11D5475}.Release|Any CPU.Build.0 = Release|Any CPU
		{CFCEA9D9-13A6-4BBF-9F4A-B1D407C2BBC3}.Debug|Any CPU.ActiveCfg = Debug|Any CPU
		{CFCEA9D9-13A6-4BBF-9F4A-B1D407C2BBC3}.Debug|Any CPU.Build.0 = Debug|Any CPU
		{CFCEA9D9-13A6-4BBF-9F4A-B1D407C2BBC3}.Release|Any CPU.ActiveCfg = Release|Any CPU
		{CFCEA9D9-13A6-4BBF-9F4A-B1D407C2BBC3}.Release|Any CPU.Build.0 = Release|Any CPU
	EndGlobalSection
	GlobalSection(SolutionProperties) = preSolution
		HideSolutionNode = FALSE
	EndGlobalSection
EndGlobal
