
Microsoft Visual Studio Solution File, Format Version 12.00
# Visual Studio 15
VisualStudioVersion = 15.0.26730.3
MinimumVisualStudioVersion = 10.0.40219.1
Project("{FAE04EC0-301F-11D3-BF4B-00C04F79EFBC}") = "dotnetcoer_redis_demo", "dotnetcoer_redis_demo\dotnetcoer_redis_demo.csproj", "{43226748-DD82-400C-B773-9567D0688F7C}"
EndProject
Global
	GlobalSection(SolutionConfigurationPlatforms) = preSolution
		Debug|Any CPU = Debug|Any CPU
		Release|Any CPU = Release|Any CPU
	EndGlobalSection
	GlobalSection(ProjectConfigurationPlatforms) = postSolution
		{43226748-DD82-400C-B773-9567D0688F7C}.Debug|Any CPU.ActiveCfg = Debug|Any CPU
		{43226748-DD82-400C-B773-9567D0688F7C}.Debug|Any CPU.Build.0 = Debug|Any CPU
		{43226748-DD82-400C-B773-9567D0688F7C}.Release|Any CPU.ActiveCfg = Release|Any CPU
		{43226748-DD82-400C-B773-9567D0688F7C}.Release|Any CPU.Build.0 = Release|Any CPU
	EndGlobalSection
	GlobalSection(SolutionProperties) = preSolution
		HideSolutionNode = FALSE
	EndGlobalSection
	GlobalSection(ExtensibilityGlobals) = postSolution
		SolutionGuid = {03EFEEE0-DE6B-44CF-B026-B6DF48C74849}
	EndGlobalSection
EndGlobal
