
Microsoft Visual Studio Solution File, Format Version 12.00
# Visual Studio 15
VisualStudioVersion = 15.0.26228.9
MinimumVisualStudioVersion = 10.0.40219.1
Project("{FAE04EC0-301F-11D3-BF4B-00C04F79EFBC}") = "sso-service", "sso-service\sso-service.csproj", "{A761E18A-075F-445F-94FB-2AC630C853D7}"
EndProject
Project("{FAE04EC0-301F-11D3-BF4B-00C04F79EFBC}") = "sso-client1", "sso-client1\sso-client1.csproj", "{1E2491CD-F9DF-436F-8869-42BA4317B054}"
EndProject
Project("{FAE04EC0-301F-11D3-BF4B-00C04F79EFBC}") = "sso-client2", "sso-client2\sso-client2.csproj", "{6A0A3B3B-F669-4749-8D10-B60E6F077ACE}"
EndProject
Global
	GlobalSection(SolutionConfigurationPlatforms) = preSolution
		Debug|Any CPU = Debug|Any CPU
		Release|Any CPU = Release|Any CPU
	EndGlobalSection
	GlobalSection(ProjectConfigurationPlatforms) = postSolution
		{A761E18A-075F-445F-94FB-2AC630C853D7}.Debug|Any CPU.ActiveCfg = Debug|Any CPU
		{A761E18A-075F-445F-94FB-2AC630C853D7}.Debug|Any CPU.Build.0 = Debug|Any CPU
		{A761E18A-075F-445F-94FB-2AC630C853D7}.Release|Any CPU.ActiveCfg = Release|Any CPU
		{A761E18A-075F-445F-94FB-2AC630C853D7}.Release|Any CPU.Build.0 = Release|Any CPU
		{1E2491CD-F9DF-436F-8869-42BA4317B054}.Debug|Any CPU.ActiveCfg = Debug|Any CPU
		{1E2491CD-F9DF-436F-8869-42BA4317B054}.Debug|Any CPU.Build.0 = Debug|Any CPU
		{1E2491CD-F9DF-436F-8869-42BA4317B054}.Release|Any CPU.ActiveCfg = Release|Any CPU
		{1E2491CD-F9DF-436F-8869-42BA4317B054}.Release|Any CPU.Build.0 = Release|Any CPU
		{6A0A3B3B-F669-4749-8D10-B60E6F077ACE}.Debug|Any CPU.ActiveCfg = Debug|Any CPU
		{6A0A3B3B-F669-4749-8D10-B60E6F077ACE}.Debug|Any CPU.Build.0 = Debug|Any CPU
		{6A0A3B3B-F669-4749-8D10-B60E6F077ACE}.Release|Any CPU.ActiveCfg = Release|Any CPU
		{6A0A3B3B-F669-4749-8D10-B60E6F077ACE}.Release|Any CPU.Build.0 = Release|Any CPU
	EndGlobalSection
	GlobalSection(SolutionProperties) = preSolution
		HideSolutionNode = FALSE
	EndGlobalSection
EndGlobal
