
Microsoft Visual Studio Solution File, Format Version 12.00
# Visual Studio 15
VisualStudioVersion = 15.0.26430.14
MinimumVisualStudioVersion = 10.0.40219.1
Project("{FAE04EC0-301F-11D3-BF4B-00C04F79EFBC}") = "Identity", "Identity\Identity.csproj", "{80C52E27-E2E2-44B4-BE10-7FF391ACB30E}"
EndProject
Global
	GlobalSection(SolutionConfigurationPlatforms) = preSolution
		Debug|Any CPU = Debug|Any CPU
		Release|Any CPU = Release|Any CPU
	EndGlobalSection
	GlobalSection(ProjectConfigurationPlatforms) = postSolution
		{80C52E27-E2E2-44B4-BE10-7FF391ACB30E}.Debug|Any CPU.ActiveCfg = Debug|Any CPU
		{80C52E27-E2E2-44B4-BE10-7FF391ACB30E}.Debug|Any CPU.Build.0 = Debug|Any CPU
		{80C52E27-E2E2-44B4-BE10-7FF391ACB30E}.Release|Any CPU.ActiveCfg = Release|Any CPU
		{80C52E27-E2E2-44B4-BE10-7FF391ACB30E}.Release|Any CPU.Build.0 = Release|Any CPU
	EndGlobalSection
	GlobalSection(SolutionProperties) = preSolution
		HideSolutionNode = FALSE
	EndGlobalSection
EndGlobal
