
Microsoft Visual Studio Solution File, Format Version 12.00
# Visual Studio 15
VisualStudioVersion = 15.0.26730.15
MinimumVisualStudioVersion = 10.0.40219.1
Project("{9A19103F-16F7-4668-BE54-9A1E7A4F7556}") = "1_Server", "Server\1_Server.csproj", "{AEF14CE1-9721-4ECE-A505-A047493AEFBC}"
EndProject
Project("{9A19103F-16F7-4668-BE54-9A1E7A4F7556}") = "2_Api", "Api\2_Api.csproj", "{F8BFD2EF-1656-4176-BB7B-AA8BD30C3B66}"
EndProject
Project("{FAE04EC0-301F-11D3-BF4B-00C04F79EFBC}") = "3_Client", "Client\3_Client.csproj", "{D0209BEC-4662-4074-AB9F-70BE87C772CF}"
EndProject
Global
	GlobalSection(SolutionConfigurationPlatforms) = preSolution
		Debug|Any CPU = Debug|Any CPU
		Release|Any CPU = Release|Any CPU
	EndGlobalSection
	GlobalSection(ProjectConfigurationPlatforms) = postSolution
		{AEF14CE1-9721-4ECE-A505-A047493AEFBC}.Debug|Any CPU.ActiveCfg = Debug|Any CPU
		{AEF14CE1-9721-4ECE-A505-A047493AEFBC}.Debug|Any CPU.Build.0 = Debug|Any CPU
		{AEF14CE1-9721-4ECE-A505-A047493AEFBC}.Release|Any CPU.ActiveCfg = Release|Any CPU
		{AEF14CE1-9721-4ECE-A505-A047493AEFBC}.Release|Any CPU.Build.0 = Release|Any CPU
		{F8BFD2EF-1656-4176-BB7B-AA8BD30C3B66}.Debug|Any CPU.ActiveCfg = Debug|Any CPU
		{F8BFD2EF-1656-4176-BB7B-AA8BD30C3B66}.Debug|Any CPU.Build.0 = Debug|Any CPU
		{F8BFD2EF-1656-4176-BB7B-AA8BD30C3B66}.Release|Any CPU.ActiveCfg = Release|Any CPU
		{F8BFD2EF-1656-4176-BB7B-AA8BD30C3B66}.Release|Any CPU.Build.0 = Release|Any CPU
		{D0209BEC-4662-4074-AB9F-70BE87C772CF}.Debug|Any CPU.ActiveCfg = Debug|Any CPU
		{D0209BEC-4662-4074-AB9F-70BE87C772CF}.Debug|Any CPU.Build.0 = Debug|Any CPU
		{D0209BEC-4662-4074-AB9F-70BE87C772CF}.Release|Any CPU.ActiveCfg = Release|Any CPU
		{D0209BEC-4662-4074-AB9F-70BE87C772CF}.Release|Any CPU.Build.0 = Release|Any CPU
	EndGlobalSection
	GlobalSection(SolutionProperties) = preSolution
		HideSolutionNode = FALSE
	EndGlobalSection
	GlobalSection(ExtensibilityGlobals) = postSolution
		SolutionGuid = {D5F10B93-A5C5-4137-98B1-732EE478D51E}
	EndGlobalSection
EndGlobal
