
Microsoft Visual Studio Solution File, Format Version 12.00
# Visual Studio 14
VisualStudioVersion = 14.0.25420.1
MinimumVisualStudioVersion = 10.0.40219.1
Project("{FAE04EC0-301F-11D3-BF4B-00C04F79EFBC}") = "窗体程序", "窗体程序\窗体程序.csproj", "{B570997F-C2A2-402A-8AEF-93293A07AD49}"
EndProject
Project("{FAE04EC0-301F-11D3-BF4B-00C04F79EFBC}") = "web服务", "web服务\web服务.csproj", "{E99BFC40-BE86-4707-A41C-58D2EBBBB39D}"
EndProject
Project("{FAE04EC0-301F-11D3-BF4B-00C04F79EFBC}") = "控制台程序", "控制台程序\控制台程序.csproj", "{1E9AB1ED-4FB8-4D1F-A62B-B7238CB61883}"
EndProject
Global
	GlobalSection(SolutionConfigurationPlatforms) = preSolution
		Debug|Any CPU = Debug|Any CPU
		Release|Any CPU = Release|Any CPU
	EndGlobalSection
	GlobalSection(ProjectConfigurationPlatforms) = postSolution
		{B570997F-C2A2-402A-8AEF-93293A07AD49}.Debug|Any CPU.ActiveCfg = Debug|Any CPU
		{B570997F-C2A2-402A-8AEF-93293A07AD49}.Debug|Any CPU.Build.0 = Debug|Any CPU
		{B570997F-C2A2-402A-8AEF-93293A07AD49}.Release|Any CPU.ActiveCfg = Release|Any CPU
		{B570997F-C2A2-402A-8AEF-93293A07AD49}.Release|Any CPU.Build.0 = Release|Any CPU
		{E99BFC40-BE86-4707-A41C-58D2EBBBB39D}.Debug|Any CPU.ActiveCfg = Debug|Any CPU
		{E99BFC40-BE86-4707-A41C-58D2EBBBB39D}.Debug|Any CPU.Build.0 = Debug|Any CPU
		{E99BFC40-BE86-4707-A41C-58D2EBBBB39D}.Release|Any CPU.ActiveCfg = Release|Any CPU
		{E99BFC40-BE86-4707-A41C-58D2EBBBB39D}.Release|Any CPU.Build.0 = Release|Any CPU
		{1E9AB1ED-4FB8-4D1F-A62B-B7238CB61883}.Debug|Any CPU.ActiveCfg = Debug|Any CPU
		{1E9AB1ED-4FB8-4D1F-A62B-B7238CB61883}.Debug|Any CPU.Build.0 = Debug|Any CPU
		{1E9AB1ED-4FB8-4D1F-A62B-B7238CB61883}.Release|Any CPU.ActiveCfg = Release|Any CPU
		{1E9AB1ED-4FB8-4D1F-A62B-B7238CB61883}.Release|Any CPU.Build.0 = Release|Any CPU
	EndGlobalSection
	GlobalSection(SolutionProperties) = preSolution
		HideSolutionNode = FALSE
	EndGlobalSection
EndGlobal
